
Microsoft Visual Studio Solution File, Format Version 12.00
# Visual Studio 2013
VisualStudioVersion = 12.0.30110.0
MinimumVisualStudioVersion = 10.0.40219.1
Project("{FAE04EC0-301F-11D3-BF4B-00C04F79EFBC}") = "Lydian.Unity.Automapper.Console", "Lydian.Unity.Automapper.Console\Lydian.Unity.Automapper.Console.csproj", "{12FE224E-303D-4D6A-9E7D-AE14345B4E08}"
EndProject
Project("{FAE04EC0-301F-11D3-BF4B-00C04F79EFBC}") = "Lydian.Unity.Automapper", "Lydian.Unity.Automapper\Lydian.Unity.Automapper.csproj", "{BE84F22D-3041-49C8-96B6-44192DF17302}"
EndProject
Project("{FAE04EC0-301F-11D3-BF4B-00C04F79EFBC}") = "Lydian.Unity.Automapper.Test", "Lydian.Unity.Automapper.Test\Lydian.Unity.Automapper.Test.csproj", "{3EABF55C-2E8F-48B3-BB91-F5AF47D87F9E}"
EndProject
Project("{2150E333-8FDC-42A3-9474-1A3956D46DE8}") = "Solution Items", "Solution Items", "{36EC70AF-27E4-4BB5-9DA4-C36489EC549D}"
	ProjectSection(SolutionItems) = preProject
		Dictionary.xml = Dictionary.xml
		IsaacsRules.ruleset = IsaacsRules.ruleset
		Local.testsettings = Local.testsettings
		Lydian.Unity.Automapper.vsmdi = Lydian.Unity.Automapper.vsmdi
		SharedAssemblyInfo.cs = SharedAssemblyInfo.cs
		TraceAndTestImpact.testsettings = TraceAndTestImpact.testsettings
	EndProjectSection
EndProject
Project("{2150E333-8FDC-42A3-9474-1A3956D46DE8}") = "TestAssemblies", "TestAssemblies", "{F42A58C9-2288-4CE8-86B6-58F79F297745}"
EndProject
Project("{FAE04EC0-301F-11D3-BF4B-00C04F79EFBC}") = "ConfigProviderAssembly", "ConfigProviderAssembly\ConfigProviderAssembly.csproj", "{9FA144FE-23A6-4F6C-8576-FC16EBF4037C}"
EndProject
Project("{FAE04EC0-301F-11D3-BF4B-00C04F79EFBC}") = "Lydian.Unity.Automapper.Test.TestAssembly", "Lydian.Unity.Automapper.Test.TestAssembly\Lydian.Unity.Automapper.Test.TestAssembly.csproj", "{7E5FF6EC-04EC-4059-AA8D-55753EC65152}"
EndProject
Project("{FAE04EC0-301F-11D3-BF4B-00C04F79EFBC}") = "Lydian.Unity.Automapper.Test.TestAssemblyTwo", "Lydian.Unity.Automapper.Test.OtherTestAssembly\Lydian.Unity.Automapper.Test.TestAssemblyTwo.csproj", "{AE0E6BE2-8601-4F1D-99BD-630E50AA443A}"
EndProject
Project("{2150E333-8FDC-42A3-9474-1A3956D46DE8}") = ".nuget", ".nuget", "{C9089187-4799-4268-88EC-F675F669560E}"
	ProjectSection(SolutionItems) = preProject
		.nuget\NuGet.Config = .nuget\NuGet.Config
		.nuget\NuGet.exe = .nuget\NuGet.exe
		.nuget\NuGet.targets = .nuget\NuGet.targets
	EndProjectSection
EndProject
Project("{F2A71F9B-5D33-465A-A702-920D77279786}") = "Lydian.Unity.Automapper.Fs", "Lydian.Unity.Automapper.Fs\Lydian.Unity.Automapper.Fs.fsproj", "{687E1FFF-4532-41B5-9B38-441C089B47EA}"
EndProject
Global
	GlobalSection(SolutionConfigurationPlatforms) = preSolution
		Debug|Any CPU = Debug|Any CPU
		Debug|Mixed Platforms = Debug|Mixed Platforms
		Debug|x86 = Debug|x86
		Publish|Any CPU = Publish|Any CPU
		Publish|Mixed Platforms = Publish|Mixed Platforms
		Publish|x86 = Publish|x86
		Release|Any CPU = Release|Any CPU
		Release|Mixed Platforms = Release|Mixed Platforms
		Release|x86 = Release|x86
	EndGlobalSection
	GlobalSection(ProjectConfigurationPlatforms) = postSolution
		{12FE224E-303D-4D6A-9E7D-AE14345B4E08}.Debug|Any CPU.ActiveCfg = Debug|x86
		{12FE224E-303D-4D6A-9E7D-AE14345B4E08}.Debug|Mixed Platforms.ActiveCfg = Debug|x86
		{12FE224E-303D-4D6A-9E7D-AE14345B4E08}.Debug|Mixed Platforms.Build.0 = Debug|x86
		{12FE224E-303D-4D6A-9E7D-AE14345B4E08}.Debug|x86.ActiveCfg = Debug|x86
		{12FE224E-303D-4D6A-9E7D-AE14345B4E08}.Debug|x86.Build.0 = Debug|x86
		{12FE224E-303D-4D6A-9E7D-AE14345B4E08}.Publish|Any CPU.ActiveCfg = Publish|x86
		{12FE224E-303D-4D6A-9E7D-AE14345B4E08}.Publish|Mixed Platforms.ActiveCfg = Publish|x86
		{12FE224E-303D-4D6A-9E7D-AE14345B4E08}.Publish|Mixed Platforms.Build.0 = Publish|x86
		{12FE224E-303D-4D6A-9E7D-AE14345B4E08}.Publish|x86.ActiveCfg = Publish|x86
		{12FE224E-303D-4D6A-9E7D-AE14345B4E08}.Publish|x86.Build.0 = Publish|x86
		{12FE224E-303D-4D6A-9E7D-AE14345B4E08}.Release|Any CPU.ActiveCfg = Release|x86
		{12FE224E-303D-4D6A-9E7D-AE14345B4E08}.Release|Any CPU.Build.0 = Release|x86
		{12FE224E-303D-4D6A-9E7D-AE14345B4E08}.Release|Mixed Platforms.ActiveCfg = Release|x86
		{12FE224E-303D-4D6A-9E7D-AE14345B4E08}.Release|Mixed Platforms.Build.0 = Release|x86
		{12FE224E-303D-4D6A-9E7D-AE14345B4E08}.Release|x86.ActiveCfg = Release|x86
		{12FE224E-303D-4D6A-9E7D-AE14345B4E08}.Release|x86.Build.0 = Release|x86
		{BE84F22D-3041-49C8-96B6-44192DF17302}.Debug|Any CPU.ActiveCfg = Debug|Any CPU
		{BE84F22D-3041-49C8-96B6-44192DF17302}.Debug|Any CPU.Build.0 = Debug|Any CPU
		{BE84F22D-3041-49C8-96B6-44192DF17302}.Debug|Mixed Platforms.ActiveCfg = Debug|Any CPU
		{BE84F22D-3041-49C8-96B6-44192DF17302}.Debug|Mixed Platforms.Build.0 = Debug|Any CPU
		{BE84F22D-3041-49C8-96B6-44192DF17302}.Debug|x86.ActiveCfg = Debug|Any CPU
		{BE84F22D-3041-49C8-96B6-44192DF17302}.Publish|Any CPU.ActiveCfg = Publish|Any CPU
		{BE84F22D-3041-49C8-96B6-44192DF17302}.Publish|Any CPU.Build.0 = Publish|Any CPU
		{BE84F22D-3041-49C8-96B6-44192DF17302}.Publish|Mixed Platforms.ActiveCfg = Publish|Any CPU
		{BE84F22D-3041-49C8-96B6-44192DF17302}.Publish|Mixed Platforms.Build.0 = Publish|Any CPU
		{BE84F22D-3041-49C8-96B6-44192DF17302}.Publish|x86.ActiveCfg = Publish|Any CPU
		{BE84F22D-3041-49C8-96B6-44192DF17302}.Release|Any CPU.ActiveCfg = Release|Any CPU
		{BE84F22D-3041-49C8-96B6-44192DF17302}.Release|Any CPU.Build.0 = Release|Any CPU
		{BE84F22D-3041-49C8-96B6-44192DF17302}.Release|Mixed Platforms.ActiveCfg = Release|Any CPU
		{BE84F22D-3041-49C8-96B6-44192DF17302}.Release|Mixed Platforms.Build.0 = Release|Any CPU
		{BE84F22D-3041-49C8-96B6-44192DF17302}.Release|x86.ActiveCfg = Release|Any CPU
		{3EABF55C-2E8F-48B3-BB91-F5AF47D87F9E}.Debug|Any CPU.ActiveCfg = Debug|Any CPU
		{3EABF55C-2E8F-48B3-BB91-F5AF47D87F9E}.Debug|Any CPU.Build.0 = Debug|Any CPU
		{3EABF55C-2E8F-48B3-BB91-F5AF47D87F9E}.Debug|Mixed Platforms.ActiveCfg = Debug|Any CPU
		{3EABF55C-2E8F-48B3-BB91-F5AF47D87F9E}.Debug|Mixed Platforms.Build.0 = Debug|Any CPU
		{3EABF55C-2E8F-48B3-BB91-F5AF47D87F9E}.Debug|x86.ActiveCfg = Debug|Any CPU
		{3EABF55C-2E8F-48B3-BB91-F5AF47D87F9E}.Publish|Any CPU.ActiveCfg = Publish|Any CPU
		{3EABF55C-2E8F-48B3-BB91-F5AF47D87F9E}.Publish|Any CPU.Build.0 = Publish|Any CPU
		{3EABF55C-2E8F-48B3-BB91-F5AF47D87F9E}.Publish|Mixed Platforms.ActiveCfg = Publish|Any CPU
		{3EABF55C-2E8F-48B3-BB91-F5AF47D87F9E}.Publish|Mixed Platforms.Build.0 = Publish|Any CPU
		{3EABF55C-2E8F-48B3-BB91-F5AF47D87F9E}.Publish|x86.ActiveCfg = Publish|Any CPU
		{3EABF55C-2E8F-48B3-BB91-F5AF47D87F9E}.Release|Any CPU.ActiveCfg = Release|Any CPU
		{3EABF55C-2E8F-48B3-BB91-F5AF47D87F9E}.Release|Any CPU.Build.0 = Release|Any CPU
		{3EABF55C-2E8F-48B3-BB91-F5AF47D87F9E}.Release|Mixed Platforms.ActiveCfg = Release|Any CPU
		{3EABF55C-2E8F-48B3-BB91-F5AF47D87F9E}.Release|Mixed Platforms.Build.0 = Release|Any CPU
		{3EABF55C-2E8F-48B3-BB91-F5AF47D87F9E}.Release|x86.ActiveCfg = Release|Any CPU
		{9FA144FE-23A6-4F6C-8576-FC16EBF4037C}.Debug|Any CPU.ActiveCfg = Debug|Any CPU
		{9FA144FE-23A6-4F6C-8576-FC16EBF4037C}.Debug|Any CPU.Build.0 = Debug|Any CPU
		{9FA144FE-23A6-4F6C-8576-FC16EBF4037C}.Debug|Mixed Platforms.ActiveCfg = Debug|Any CPU
		{9FA144FE-23A6-4F6C-8576-FC16EBF4037C}.Debug|Mixed Platforms.Build.0 = Debug|Any CPU
		{9FA144FE-23A6-4F6C-8576-FC16EBF4037C}.Debug|x86.ActiveCfg = Debug|Any CPU
		{9FA144FE-23A6-4F6C-8576-FC16EBF4037C}.Publish|Any CPU.ActiveCfg = Publish|Any CPU
		{9FA144FE-23A6-4F6C-8576-FC16EBF4037C}.Publish|Any CPU.Build.0 = Publish|Any CPU
		{9FA144FE-23A6-4F6C-8576-FC16EBF4037C}.Publish|Mixed Platforms.ActiveCfg = Publish|Any CPU
		{9FA144FE-23A6-4F6C-8576-FC16EBF4037C}.Publish|Mixed Platforms.Build.0 = Publish|Any CPU
		{9FA144FE-23A6-4F6C-8576-FC16EBF4037C}.Publish|x86.ActiveCfg = Release|Any CPU
		{9FA144FE-23A6-4F6C-8576-FC16EBF4037C}.Release|Any CPU.ActiveCfg = Release|Any CPU
		{9FA144FE-23A6-4F6C-8576-FC16EBF4037C}.Release|Any CPU.Build.0 = Release|Any CPU
		{9FA144FE-23A6-4F6C-8576-FC16EBF4037C}.Release|Mixed Platforms.ActiveCfg = Release|Any CPU
		{9FA144FE-23A6-4F6C-8576-FC16EBF4037C}.Release|Mixed Platforms.Build.0 = Release|Any CPU
		{9FA144FE-23A6-4F6C-8576-FC16EBF4037C}.Release|x86.ActiveCfg = Release|Any CPU
		{7E5FF6EC-04EC-4059-AA8D-55753EC65152}.Debug|Any CPU.ActiveCfg = Debug|Any CPU
		{7E5FF6EC-04EC-4059-AA8D-55753EC65152}.Debug|Any CPU.Build.0 = Debug|Any CPU
		{7E5FF6EC-04EC-4059-AA8D-55753EC65152}.Debug|Mixed Platforms.ActiveCfg = Debug|Any CPU
		{7E5FF6EC-04EC-4059-AA8D-55753EC65152}.Debug|Mixed Platforms.Build.0 = Debug|Any CPU
		{7E5FF6EC-04EC-4059-AA8D-55753EC65152}.Debug|x86.ActiveCfg = Debug|Any CPU
		{7E5FF6EC-04EC-4059-AA8D-55753EC65152}.Publish|Any CPU.ActiveCfg = Publish|Any CPU
		{7E5FF6EC-04EC-4059-AA8D-55753EC65152}.Publish|Any CPU.Build.0 = Publish|Any CPU
		{7E5FF6EC-04EC-4059-AA8D-55753EC65152}.Publish|Mixed Platforms.ActiveCfg = Publish|Any CPU
		{7E5FF6EC-04EC-4059-AA8D-55753EC65152}.Publish|Mixed Platforms.Build.0 = Publish|Any CPU
		{7E5FF6EC-04EC-4059-AA8D-55753EC65152}.Publish|x86.ActiveCfg = Publish|Any CPU
		{7E5FF6EC-04EC-4059-AA8D-55753EC65152}.Release|Any CPU.ActiveCfg = Release|Any CPU
		{7E5FF6EC-04EC-4059-AA8D-55753EC65152}.Release|Any CPU.Build.0 = Release|Any CPU
		{7E5FF6EC-04EC-4059-AA8D-55753EC65152}.Release|Mixed Platforms.ActiveCfg = Release|Any CPU
		{7E5FF6EC-04EC-4059-AA8D-55753EC65152}.Release|Mixed Platforms.Build.0 = Release|Any CPU
		{7E5FF6EC-04EC-4059-AA8D-55753EC65152}.Release|x86.ActiveCfg = Release|Any CPU
		{AE0E6BE2-8601-4F1D-99BD-630E50AA443A}.Debug|Any CPU.ActiveCfg = Debug|Any CPU
		{AE0E6BE2-8601-4F1D-99BD-630E50AA443A}.Debug|Any CPU.Build.0 = Debug|Any CPU
		{AE0E6BE2-8601-4F1D-99BD-630E50AA443A}.Debug|Mixed Platforms.ActiveCfg = Debug|Any CPU
		{AE0E6BE2-8601-4F1D-99BD-630E50AA443A}.Debug|Mixed Platforms.Build.0 = Debug|Any CPU
		{AE0E6BE2-8601-4F1D-99BD-630E50AA443A}.Debug|x86.ActiveCfg = Debug|Any CPU
		{AE0E6BE2-8601-4F1D-99BD-630E50AA443A}.Publish|Any CPU.ActiveCfg = Publish|Any CPU
		{AE0E6BE2-8601-4F1D-99BD-630E50AA443A}.Publish|Any CPU.Build.0 = Publish|Any CPU
		{AE0E6BE2-8601-4F1D-99BD-630E50AA443A}.Publish|Mixed Platforms.ActiveCfg = Publish|Any CPU
		{AE0E6BE2-8601-4F1D-99BD-630E50AA443A}.Publish|Mixed Platforms.Build.0 = Publish|Any CPU
		{AE0E6BE2-8601-4F1D-99BD-630E50AA443A}.Publish|x86.ActiveCfg = Publish|Any CPU
		{AE0E6BE2-8601-4F1D-99BD-630E50AA443A}.Release|Any CPU.ActiveCfg = Release|Any CPU
		{AE0E6BE2-8601-4F1D-99BD-630E50AA443A}.Release|Any CPU.Build.0 = Release|Any CPU
		{AE0E6BE2-8601-4F1D-99BD-630E50AA443A}.Release|Mixed Platforms.ActiveCfg = Release|Any CPU
		{AE0E6BE2-8601-4F1D-99BD-630E50AA443A}.Release|Mixed Platforms.Build.0 = Release|Any CPU
		{AE0E6BE2-8601-4F1D-99BD-630E50AA443A}.Release|x86.ActiveCfg = Release|Any CPU
		{687E1FFF-4532-41B5-9B38-441C089B47EA}.Debug|Any CPU.ActiveCfg = Debug|Any CPU
		{687E1FFF-4532-41B5-9B38-441C089B47EA}.Debug|Any CPU.Build.0 = Debug|Any CPU
		{687E1FFF-4532-41B5-9B38-441C089B47EA}.Debug|Mixed Platforms.ActiveCfg = Debug|Any CPU
		{687E1FFF-4532-41B5-9B38-441C089B47EA}.Debug|Mixed Platforms.Build.0 = Debug|Any CPU
		{687E1FFF-4532-41B5-9B38-441C089B47EA}.Debug|x86.ActiveCfg = Debug|Any CPU
		{687E1FFF-4532-41B5-9B38-441C089B47EA}.Publish|Any CPU.ActiveCfg = Release|Any CPU
		{687E1FFF-4532-41B5-9B38-441C089B47EA}.Publish|Any CPU.Build.0 = Release|Any CPU
		{687E1FFF-4532-41B5-9B38-441C089B47EA}.Publish|Mixed Platforms.ActiveCfg = Release|Any CPU
		{687E1FFF-4532-41B5-9B38-441C089B47EA}.Publish|Mixed Platforms.Build.0 = Release|Any CPU
		{687E1FFF-4532-41B5-9B38-441C089B47EA}.Publish|x86.ActiveCfg = Release|Any CPU
		{687E1FFF-4532-41B5-9B38-441C089B47EA}.Release|Any CPU.ActiveCfg = Release|Any CPU
		{687E1FFF-4532-41B5-9B38-441C089B47EA}.Release|Any CPU.Build.0 = Release|Any CPU
		{687E1FFF-4532-41B5-9B38-441C089B47EA}.Release|Mixed Platforms.ActiveCfg = Release|Any CPU
		{687E1FFF-4532-41B5-9B38-441C089B47EA}.Release|Mixed Platforms.Build.0 = Release|Any CPU
		{687E1FFF-4532-41B5-9B38-441C089B47EA}.Release|x86.ActiveCfg = Release|Any CPU
	EndGlobalSection
	GlobalSection(SolutionProperties) = preSolution
		HideSolutionNode = FALSE
	EndGlobalSection
	GlobalSection(NestedProjects) = preSolution
		{9FA144FE-23A6-4F6C-8576-FC16EBF4037C} = {F42A58C9-2288-4CE8-86B6-58F79F297745}
		{7E5FF6EC-04EC-4059-AA8D-55753EC65152} = {F42A58C9-2288-4CE8-86B6-58F79F297745}
		{AE0E6BE2-8601-4F1D-99BD-630E50AA443A} = {F42A58C9-2288-4CE8-86B6-58F79F297745}
	EndGlobalSection
	GlobalSection(ExtensibilityGlobals) = postSolution
		EnterpriseLibraryConfigurationToolBinariesPath = packages\Unity.2.1.505.0\lib\NET35;packages\Unity.Interception.2.1.505.0\lib\NET35;packages\Unity.2.1.505.2\lib\NET35;packages\Unity.Interception.2.1.505.2\lib\NET35
	EndGlobalSection
	GlobalSection(TestCaseManagementSettings) = postSolution
		CategoryFile = Lydian.Unity.Automapper.vsmdi
	EndGlobalSection
EndGlobal
